
Microsoft Visual Studio Solution File, Format Version 12.00
# Visual Studio Version 17
VisualStudioVersion = 17.11.35222.181
MinimumVisualStudioVersion = 10.0.40219.1
Project("{9A19103F-16F7-4668-BE54-9A1E7A4F7556}") = "MyShop.DataAccess", "MyShop.DataAccess\MyShop.DataAccess.csproj", "{718D2D46-8B54-44BE-B7D2-02C83E7B921F}"
EndProject
Project("{9A19103F-16F7-4668-BE54-9A1E7A4F7556}") = "MyShop.Entities", "MyShop.Entities\MyShop.Entities.csproj", "{DAA92136-7708-4DC9-8225-5C878B8F6A32}"
EndProject
Project("{9A19103F-16F7-4668-BE54-9A1E7A4F7556}") = "MyShop.Web", "MyShop.Web\MyShop.Web.csproj", "{9989A603-3FB2-44CF-B67D-4BC4BB56530E}"
EndProject
Project("{FAE04EC0-301F-11D3-BF4B-00C04F79EFBC}") = "MyShop.Utilities", "MyShop.Utilities\MyShop.Utilities.csproj", "{056C02C7-5612-43A7-9B42-EBCAC52D9680}"
EndProject
Global
	GlobalSection(SolutionConfigurationPlatforms) = preSolution
		Debug|Any CPU = Debug|Any CPU
		Release|Any CPU = Release|Any CPU
	EndGlobalSection
	GlobalSection(ProjectConfigurationPlatforms) = postSolution
		{718D2D46-8B54-44BE-B7D2-02C83E7B921F}.Debug|Any CPU.ActiveCfg = Debug|Any CPU
		{718D2D46-8B54-44BE-B7D2-02C83E7B921F}.Debug|Any CPU.Build.0 = Debug|Any CPU
		{718D2D46-8B54-44BE-B7D2-02C83E7B921F}.Release|Any CPU.ActiveCfg = Release|Any CPU
		{718D2D46-8B54-44BE-B7D2-02C83E7B921F}.Release|Any CPU.Build.0 = Release|Any CPU
		{DAA92136-7708-4DC9-8225-5C878B8F6A32}.Debug|Any CPU.ActiveCfg = Debug|Any CPU
		{DAA92136-7708-4DC9-8225-5C878B8F6A32}.Debug|Any CPU.Build.0 = Debug|Any CPU
		{DAA92136-7708-4DC9-8225-5C878B8F6A32}.Release|Any CPU.ActiveCfg = Release|Any CPU
		{DAA92136-7708-4DC9-8225-5C878B8F6A32}.Release|Any CPU.Build.0 = Release|Any CPU
		{9989A603-3FB2-44CF-B67D-4BC4BB56530E}.Debug|Any CPU.ActiveCfg = Debug|Any CPU
		{9989A603-3FB2-44CF-B67D-4BC4BB56530E}.Debug|Any CPU.Build.0 = Debug|Any CPU
		{9989A603-3FB2-44CF-B67D-4BC4BB56530E}.Release|Any CPU.ActiveCfg = Release|Any CPU
		{9989A603-3FB2-44CF-B67D-4BC4BB56530E}.Release|Any CPU.Build.0 = Release|Any CPU
		{056C02C7-5612-43A7-9B42-EBCAC52D9680}.Debug|Any CPU.ActiveCfg = Debug|Any CPU
		{056C02C7-5612-43A7-9B42-EBCAC52D9680}.Debug|Any CPU.Build.0 = Debug|Any CPU
		{056C02C7-5612-43A7-9B42-EBCAC52D9680}.Release|Any CPU.ActiveCfg = Release|Any CPU
		{056C02C7-5612-43A7-9B42-EBCAC52D9680}.Release|Any CPU.Build.0 = Release|Any CPU
	EndGlobalSection
	GlobalSection(SolutionProperties) = preSolution
		HideSolutionNode = FALSE
	EndGlobalSection
	GlobalSection(ExtensibilityGlobals) = postSolution
		SolutionGuid = {C09AD1F9-BC5B-4B42-9ADC-2B906D27B67F}
	EndGlobalSection
EndGlobal
